
Microsoft Visual Studio Solution File, Format Version 12.00
# Visual Studio Version 17
VisualStudioVersion = 17.14.36518.9 d17.14
MinimumVisualStudioVersion = 10.0.40219.1
Project("{888888A0-9F3D-457C-B088-3A5042F75D52}") = "Insecure Design", "Insecure Design\Insecure Design.pyproj", "{EA39C23B-3690-4A64-907B-59A363CB8C34}"
EndProject
Global
	GlobalSection(SolutionConfigurationPlatforms) = preSolution
		Debug|Any CPU = Debug|Any CPU
		Release|Any CPU = Release|Any CPU
	EndGlobalSection
	GlobalSection(ProjectConfigurationPlatforms) = postSolution
		{EA39C23B-3690-4A64-907B-59A363CB8C34}.Debug|Any CPU.ActiveCfg = Debug|Any CPU
		{EA39C23B-3690-4A64-907B-59A363CB8C34}.Release|Any CPU.ActiveCfg = Release|Any CPU
	EndGlobalSection
	GlobalSection(SolutionProperties) = preSolution
		HideSolutionNode = FALSE
	EndGlobalSection
	GlobalSection(ExtensibilityGlobals) = postSolution
		SolutionGuid = {F9946884-1477-469F-ABC5-9A932CED550D}
	EndGlobalSection
EndGlobal
